
Microsoft Visual Studio Solution File, Format Version 12.00
# Visual Studio Version 17
VisualStudioVersion = 17.0.31612.314
MinimumVisualStudioVersion = 10.0.40219.1
Project("{FAE04EC0-301F-11D3-BF4B-00C04F79EFBC}") = "RunningProcessKiller", "RunningProcessKiller.csproj", "{65081C32-A42E-4DBE-BFD3-58D7BF7FF44F}"
EndProject
Global
	GlobalSection(SolutionConfigurationPlatforms) = preSolution
		Debug|Any CPU = Debug|Any CPU
		Release|Any CPU = Release|Any CPU
	EndGlobalSection
	GlobalSection(ProjectConfigurationPlatforms) = postSolution
		{65081C32-A42E-4DBE-BFD3-58D7BF7FF44F}.Debug|Any CPU.ActiveCfg = Debug|Any CPU
		{65081C32-A42E-4DBE-BFD3-58D7BF7FF44F}.Debug|Any CPU.Build.0 = Debug|Any CPU
		{65081C32-A42E-4DBE-BFD3-58D7BF7FF44F}.Release|Any CPU.ActiveCfg = Release|Any CPU
		{65081C32-A42E-4DBE-BFD3-58D7BF7FF44F}.Release|Any CPU.Build.0 = Release|Any CPU
	EndGlobalSection
	GlobalSection(SolutionProperties) = preSolution
		HideSolutionNode = FALSE
	EndGlobalSection
	GlobalSection(ExtensibilityGlobals) = postSolution
		SolutionGuid = {8E9563DE-464B-40E4-B10C-388F5A29A290}
	EndGlobalSection
EndGlobal
